
Microsoft Visual Studio Solution File, Format Version 12.00
# Visual Studio Version 16
VisualStudioVersion = 16.0.33027.164
MinimumVisualStudioVersion = 10.0.40219.1
Project("{8BC9CEB8-8B4A-11D0-8D11-00A0C91BC942}") = "Firth_FCFScode", "Firth_FCFScode.vcxproj", "{D1A70906-9765-46D5-A567-BCAFCDF36CC2}"
EndProject
Global
	GlobalSection(SolutionConfigurationPlatforms) = preSolution
		Debug|x64 = Debug|x64
		Debug|x86 = Debug|x86
		Release|x64 = Release|x64
		Release|x86 = Release|x86
	EndGlobalSection
	GlobalSection(ProjectConfigurationPlatforms) = postSolution
		{D1A70906-9765-46D5-A567-BCAFCDF36CC2}.Debug|x64.ActiveCfg = Debug|x64
		{D1A70906-9765-46D5-A567-BCAFCDF36CC2}.Debug|x64.Build.0 = Debug|x64
		{D1A70906-9765-46D5-A567-BCAFCDF36CC2}.Debug|x86.ActiveCfg = Debug|Win32
		{D1A70906-9765-46D5-A567-BCAFCDF36CC2}.Debug|x86.Build.0 = Debug|Win32
		{D1A70906-9765-46D5-A567-BCAFCDF36CC2}.Release|x64.ActiveCfg = Release|x64
		{D1A70906-9765-46D5-A567-BCAFCDF36CC2}.Release|x64.Build.0 = Release|x64
		{D1A70906-9765-46D5-A567-BCAFCDF36CC2}.Release|x86.ActiveCfg = Release|Win32
		{D1A70906-9765-46D5-A567-BCAFCDF36CC2}.Release|x86.Build.0 = Release|Win32
	EndGlobalSection
	GlobalSection(SolutionProperties) = preSolution
		HideSolutionNode = FALSE
	EndGlobalSection
	GlobalSection(ExtensibilityGlobals) = postSolution
		SolutionGuid = {B898A653-AE8B-4983-9004-608B82F693CF}
	EndGlobalSection
EndGlobal
